
Microsoft Visual Studio Solution File, Format Version 12.00
# Visual Studio 2013
VisualStudioVersion = 12.0.21005.1
MinimumVisualStudioVersion = 10.0.40219.1
Project("{FAE04EC0-301F-11D3-BF4B-00C04F79EFBC}") = "WCFServiceApplication", "WCFServiceApplication\WCFServiceApplication.csproj", "{B9066E54-0745-40E4-A3C3-0DF102D83A3A}"
EndProject
Project("{FAE04EC0-301F-11D3-BF4B-00C04F79EFBC}") = "WebMVCApplication", "WebMVCApplication\WebMVCApplication.csproj", "{B6DF28A3-5D42-484F-9543-3BEC08181228}"
	ProjectSection(ProjectDependencies) = postProject
		{B9066E54-0745-40E4-A3C3-0DF102D83A3A} = {B9066E54-0745-40E4-A3C3-0DF102D83A3A}
	EndProjectSection
EndProject
Project("{FAE04EC0-301F-11D3-BF4B-00C04F79EFBC}") = "DesktopApplication", "DesktopApplication\DesktopApplication.csproj", "{3B8CB7FB-4451-4853-BCC5-1F2061F144BA}"
	ProjectSection(ProjectDependencies) = postProject
		{B9066E54-0745-40E4-A3C3-0DF102D83A3A} = {B9066E54-0745-40E4-A3C3-0DF102D83A3A}
	EndProjectSection
EndProject
Project("{2150E333-8FDC-42A3-9474-1A3956D46DE8}") = ".nuget", ".nuget", "{2E35DE4A-CFD9-46C8-9923-C5C78F8A53EA}"
	ProjectSection(SolutionItems) = preProject
		.nuget\NuGet.Config = .nuget\NuGet.Config
		.nuget\NuGet.exe = .nuget\NuGet.exe
		.nuget\NuGet.targets = .nuget\NuGet.targets
	EndProjectSection
EndProject
Global
	GlobalSection(SolutionConfigurationPlatforms) = preSolution
		Debug|Any CPU = Debug|Any CPU
		Debug|ARM = Debug|ARM
		Debug|x86 = Debug|x86
		Release|Any CPU = Release|Any CPU
		Release|ARM = Release|ARM
		Release|x86 = Release|x86
	EndGlobalSection
	GlobalSection(ProjectConfigurationPlatforms) = postSolution
		{B9066E54-0745-40E4-A3C3-0DF102D83A3A}.Debug|Any CPU.ActiveCfg = Debug|Any CPU
		{B9066E54-0745-40E4-A3C3-0DF102D83A3A}.Debug|Any CPU.Build.0 = Debug|Any CPU
		{B9066E54-0745-40E4-A3C3-0DF102D83A3A}.Debug|ARM.ActiveCfg = Debug|Any CPU
		{B9066E54-0745-40E4-A3C3-0DF102D83A3A}.Debug|x86.ActiveCfg = Debug|Any CPU
		{B9066E54-0745-40E4-A3C3-0DF102D83A3A}.Release|Any CPU.ActiveCfg = Release|Any CPU
		{B9066E54-0745-40E4-A3C3-0DF102D83A3A}.Release|Any CPU.Build.0 = Release|Any CPU
		{B9066E54-0745-40E4-A3C3-0DF102D83A3A}.Release|ARM.ActiveCfg = Release|Any CPU
		{B9066E54-0745-40E4-A3C3-0DF102D83A3A}.Release|x86.ActiveCfg = Release|Any CPU
		{B6DF28A3-5D42-484F-9543-3BEC08181228}.Debug|Any CPU.ActiveCfg = Debug|Any CPU
		{B6DF28A3-5D42-484F-9543-3BEC08181228}.Debug|Any CPU.Build.0 = Debug|Any CPU
		{B6DF28A3-5D42-484F-9543-3BEC08181228}.Debug|ARM.ActiveCfg = Debug|Any CPU
		{B6DF28A3-5D42-484F-9543-3BEC08181228}.Debug|x86.ActiveCfg = Debug|Any CPU
		{B6DF28A3-5D42-484F-9543-3BEC08181228}.Release|Any CPU.ActiveCfg = Release|Any CPU
		{B6DF28A3-5D42-484F-9543-3BEC08181228}.Release|Any CPU.Build.0 = Release|Any CPU
		{B6DF28A3-5D42-484F-9543-3BEC08181228}.Release|ARM.ActiveCfg = Release|Any CPU
		{B6DF28A3-5D42-484F-9543-3BEC08181228}.Release|x86.ActiveCfg = Release|Any CPU
		{3B8CB7FB-4451-4853-BCC5-1F2061F144BA}.Debug|Any CPU.ActiveCfg = Debug|Any CPU
		{3B8CB7FB-4451-4853-BCC5-1F2061F144BA}.Debug|Any CPU.Build.0 = Debug|Any CPU
		{3B8CB7FB-4451-4853-BCC5-1F2061F144BA}.Debug|ARM.ActiveCfg = Debug|Any CPU
		{3B8CB7FB-4451-4853-BCC5-1F2061F144BA}.Debug|x86.ActiveCfg = Debug|Any CPU
		{3B8CB7FB-4451-4853-BCC5-1F2061F144BA}.Release|Any CPU.ActiveCfg = Release|Any CPU
		{3B8CB7FB-4451-4853-BCC5-1F2061F144BA}.Release|Any CPU.Build.0 = Release|Any CPU
		{3B8CB7FB-4451-4853-BCC5-1F2061F144BA}.Release|ARM.ActiveCfg = Release|Any CPU
		{3B8CB7FB-4451-4853-BCC5-1F2061F144BA}.Release|x86.ActiveCfg = Release|Any CPU
	EndGlobalSection
	GlobalSection(SolutionProperties) = preSolution
		HideSolutionNode = FALSE
	EndGlobalSection
EndGlobal
